
Microsoft Visual Studio Solution File, Format Version 12.00
# Visual Studio Version 17
VisualStudioVersion = 17.2.32602.215
MinimumVisualStudioVersion = 10.0.40219.1
Project("{FAE04EC0-301F-11D3-BF4B-00C04F79EFBC}") = "NewConsoleInput", "NewConsoleInput\NewConsoleInput.csproj", "{46AA19A6-CE8C-4679-8D74-858957C7FF67}"
EndProject
Project("{FAE04EC0-301F-11D3-BF4B-00C04F79EFBC}") = "ConsoleInput", "ConsoleInput\ConsoleInput.csproj", "{B4ED61B3-48AB-4383-8444-C71EF8F67FBD}"
EndProject
Global
	GlobalSection(SolutionConfigurationPlatforms) = preSolution
		Debug|Any CPU = Debug|Any CPU
		Release|Any CPU = Release|Any CPU
	EndGlobalSection
	GlobalSection(ProjectConfigurationPlatforms) = postSolution
		{46AA19A6-CE8C-4679-8D74-858957C7FF67}.Debug|Any CPU.ActiveCfg = Debug|Any CPU
		{46AA19A6-CE8C-4679-8D74-858957C7FF67}.Debug|Any CPU.Build.0 = Debug|Any CPU
		{46AA19A6-CE8C-4679-8D74-858957C7FF67}.Release|Any CPU.ActiveCfg = Release|Any CPU
		{46AA19A6-CE8C-4679-8D74-858957C7FF67}.Release|Any CPU.Build.0 = Release|Any CPU
		{B4ED61B3-48AB-4383-8444-C71EF8F67FBD}.Debug|Any CPU.ActiveCfg = Debug|Any CPU
		{B4ED61B3-48AB-4383-8444-C71EF8F67FBD}.Debug|Any CPU.Build.0 = Debug|Any CPU
		{B4ED61B3-48AB-4383-8444-C71EF8F67FBD}.Release|Any CPU.ActiveCfg = Release|Any CPU
		{B4ED61B3-48AB-4383-8444-C71EF8F67FBD}.Release|Any CPU.Build.0 = Release|Any CPU
	EndGlobalSection
	GlobalSection(SolutionProperties) = preSolution
		HideSolutionNode = FALSE
	EndGlobalSection
	GlobalSection(ExtensibilityGlobals) = postSolution
		SolutionGuid = {402886C7-323B-4AC6-A45A-BAFA3EFB15DA}
	EndGlobalSection
EndGlobal
